
Microsoft Visual Studio Solution File, Format Version 12.00
# Visual Studio Version 17
VisualStudioVersion = 17.1.32210.238
MinimumVisualStudioVersion = 10.0.40219.1
Project("{FAE04EC0-301F-11D3-BF4B-00C04F79EFBC}") = "Hello world", "Hello world\Hello world.csproj", "{9FD9E5AB-808E-412B-9817-A5041F41421B}"
EndProject
Global
	GlobalSection(SolutionConfigurationPlatforms) = preSolution
		Debug|Any CPU = Debug|Any CPU
		Release|Any CPU = Release|Any CPU
	EndGlobalSection
	GlobalSection(ProjectConfigurationPlatforms) = postSolution
		{9FD9E5AB-808E-412B-9817-A5041F41421B}.Debug|Any CPU.ActiveCfg = Debug|Any CPU
		{9FD9E5AB-808E-412B-9817-A5041F41421B}.Debug|Any CPU.Build.0 = Debug|Any CPU
		{9FD9E5AB-808E-412B-9817-A5041F41421B}.Release|Any CPU.ActiveCfg = Release|Any CPU
		{9FD9E5AB-808E-412B-9817-A5041F41421B}.Release|Any CPU.Build.0 = Release|Any CPU
	EndGlobalSection
	GlobalSection(SolutionProperties) = preSolution
		HideSolutionNode = FALSE
	EndGlobalSection
	GlobalSection(ExtensibilityGlobals) = postSolution
		SolutionGuid = {1EA0C381-110C-40F8-B9D7-7FD4E1AF29C4}
	EndGlobalSection
EndGlobal
